// !$*UTF8*$!
{
	archiveVersion = 1;
	classes = {
	};
	objectVersion = 50;
	objects = {

/* Begin PBXBuildFile section */
		951A5FF821357F6B0037208C /* AppDelegate.m in Sources */ = {isa = PBXBuildFile; fileRef = 951A5FF721357F6B0037208C /* AppDelegate.m */; };
		951A5FFE21357F6B0037208C /* Main.storyboard in Resources */ = {isa = PBXBuildFile; fileRef = 951A5FFC21357F6B0037208C /* Main.storyboard */; };
		951A600021357F6C0037208C /* Assets.xcassets in Resources */ = {isa = PBXBuildFile; fileRef = 951A5FFF21357F6C0037208C /* Assets.xcassets */; };
		951A600321357F6C0037208C /* LaunchScreen.storyboard in Resources */ = {isa = PBXBuildFile; fileRef = 951A600121357F6C0037208C /* LaunchScreen.storyboard */; };
		951A600621357F6C0037208C /* main.m in Sources */ = {isa = PBXBuildFile; fileRef = 951A600521357F6C0037208C /* main.m */; };
		951A60102135808C0037208C /* TableViewController.m in Sources */ = {isa = PBXBuildFile; fileRef = 951A600F2135808C0037208C /* TableViewController.m */; };
		951A601A213802C70037208C /* ViewController.m in Sources */ = {isa = PBXBuildFile; fileRef = 951A6019213802C70037208C /* ViewController.m */; };
		95328287214BB30F006A460A /* QuartzCore.framework in Frameworks */ = {isa = PBXBuildFile; fileRef = 95328286214BB30E006A460A /* QuartzCore.framework */; };
/* End PBXBuildFile section */

/* Begin PBXFileReference section */
		951A5FF321357F6B0037208C /* UITable View.app */ = {isa = PBXFileReference; explicitFileType = wrapper.application; includeInIndex = 0; path = "UITable View.app"; sourceTree = BUILT_PRODUCTS_DIR; };
		951A5FF621357F6B0037208C /* AppDelegate.h */ = {isa = PBXFileReference; lastKnownFileType = sourcecode.c.h; path = AppDelegate.h; sourceTree = "<group>"; };
		951A5FF721357F6B0037208C /* AppDelegate.m */ = {isa = PBXFileReference; lastKnownFileType = sourcecode.c.objc; path = AppDelegate.m; sourceTree = "<group>"; };
		951A5FFD21357F6B0037208C /* Base */ = {isa = PBXFileReference; lastKnownFileType = file.storyboard; name = Base; path = Base.lproj/Main.storyboard; sourceTree = "<group>"; };
		951A5FFF21357F6C0037208C /* Assets.xcassets */ = {isa = PBXFileReference; lastKnownFileType = folder.assetcatalog; path = Assets.xcassets; sourceTree = "<group>"; };
		951A600221357F6C0037208C /* Base */ = {isa = PBXFileReference; lastKnownFileType = file.storyboard; name = Base; path = Base.lproj/LaunchScreen.storyboard; sourceTree = "<group>"; };
		951A600421357F6C0037208C /* Info.plist */ = {isa = PBXFileReference; lastKnownFileType = text.plist.xml; path = Info.plist; sourceTree = "<group>"; };
		951A600521357F6C0037208C /* main.m */ = {isa = PBXFileReference; lastKnownFileType = sourcecode.c.objc; path = main.m; sourceTree = "<group>"; };
		951A600E2135808C0037208C /* TableViewController.h */ = {isa = PBXFileReference; lastKnownFileType = sourcecode.c.h; path = TableViewController.h; sourceTree = "<group>"; };
		951A600F2135808C0037208C /* TableViewController.m */ = {isa = PBXFileReference; lastKnownFileType = sourcecode.c.objc; path = TableViewController.m; sourceTree = "<group>"; };
		951A6018213802C70037208C /* ViewController.h */ = {isa = PBXFileReference; lastKnownFileType = sourcecode.c.h; path = ViewController.h; sourceTree = "<group>"; };
		951A6019213802C70037208C /* ViewController.m */ = {isa = PBXFileReference; lastKnownFileType = sourcecode.c.objc; path = ViewController.m; sourceTree = "<group>"; };
		95328286214BB30E006A460A /* QuartzCore.framework */ = {isa = PBXFileReference; lastKnownFileType = wrapper.framework; name = QuartzCore.framework; path = System/Library/Frameworks/QuartzCore.framework; sourceTree = SDKROOT; };
/* End PBXFileReference section */

/* Begin PBXFrameworksBuildPhase section */
		951A5FF021357F6B0037208C /* Frameworks */ = {
			isa = PBXFrameworksBuildPhase;
			buildActionMask = 2147483647;
			files = (
				95328287214BB30F006A460A /* QuartzCore.framework in Frameworks */,
			);
			runOnlyForDeploymentPostprocessing = 0;
		};
/* End PBXFrameworksBuildPhase section */

/* Begin PBXGroup section */
		951A5FEA21357F6B0037208C = {
			isa = PBXGroup;
			children = (
				951A5FF521357F6B0037208C /* UITable View */,
				951A5FF421357F6B0037208C /* Products */,
				95328285214BB30E006A460A /* Frameworks */,
			);
			sourceTree = "<group>";
		};
		951A5FF421357F6B0037208C /* Products */ = {
			isa = PBXGroup;
			children = (
				951A5FF321357F6B0037208C /* UITable View.app */,
			);
			name = Products;
			sourceTree = "<group>";
		};
		951A5FF521357F6B0037208C /* UITable View */ = {
			isa = PBXGroup;
			children = (
				951A5FFC21357F6B0037208C /* Main.storyboard */,
				951A600D2135801C0037208C /* View */,
				951A600C213580170037208C /* Other */,
			);
			path = "UITable View";
			sourceTree = "<group>";
		};
		951A600C213580170037208C /* Other */ = {
			isa = PBXGroup;
			children = (
				951A5FFF21357F6C0037208C /* Assets.xcassets */,
				951A600121357F6C0037208C /* LaunchScreen.storyboard */,
				951A600421357F6C0037208C /* Info.plist */,
				951A600521357F6C0037208C /* main.m */,
				951A5FF721357F6B0037208C /* AppDelegate.m */,
				951A5FF621357F6B0037208C /* AppDelegate.h */,
			);
			name = Other;
			sourceTree = "<group>";
		};
		951A600D2135801C0037208C /* View */ = {
			isa = PBXGroup;
			children = (
				951A600E2135808C0037208C /* TableViewController.h */,
				951A600F2135808C0037208C /* TableViewController.m */,
				951A6018213802C70037208C /* ViewController.h */,
				951A6019213802C70037208C /* ViewController.m */,
			);
			path = View;
			sourceTree = "<group>";
		};
		95328285214BB30E006A460A /* Frameworks */ = {
			isa = PBXGroup;
			children = (
				95328286214BB30E006A460A /* QuartzCore.framework */,
			);
			name = Frameworks;
			sourceTree = "<group>";
		};
/* End PBXGroup section */

/* Begin PBXNativeTarget section */
		951A5FF221357F6B0037208C /* UITable View */ = {
			isa = PBXNativeTarget;
			buildConfigurationList = 951A600921357F6C0037208C /* Build configuration list for PBXNativeTarget "UITable View" */;
			buildPhases = (
				951A5FEF21357F6B0037208C /* Sources */,
				951A5FF021357F6B0037208C /* Frameworks */,
				951A5FF121357F6B0037208C /* Resources */,
			);
			buildRules = (
			);
			dependencies = (
			);
			name = "UITable View";
			productName = "UITable View";
			productReference = 951A5FF321357F6B0037208C /* UITable View.app */;
			productType = "com.apple.product-type.application";
		};
/* End PBXNativeTarget section */

/* Begin PBXProject section */
		951A5FEB21357F6B0037208C /* Project object */ = {
			isa = PBXProject;
			attributes = {
				LastUpgradeCheck = 0940;
				ORGANIZATIONNAME = "Zed Zezhenko";
				TargetAttributes = {
					951A5FF221357F6B0037208C = {
						CreatedOnToolsVersion = 9.4.1;
					};
				};
			};
			buildConfigurationList = 951A5FEE21357F6B0037208C /* Build configuration list for PBXProject "UITable View" */;
			compatibilityVersion = "Xcode 9.3";
			developmentRegion = en;
			hasScannedForEncodings = 0;
			knownRegions = (
				en,
				Base,
			);
			mainGroup = 951A5FEA21357F6B0037208C;
			productRefGroup = 951A5FF421357F6B0037208C /* Products */;
			projectDirPath = "";
			projectRoot = "";
			targets = (
				951A5FF221357F6B0037208C /* UITable View */,
			);
		};
/* End PBXProject section */

/* Begin PBXResourcesBuildPhase section */
		951A5FF121357F6B0037208C /* Resources */ = {
			isa = PBXResourcesBuildPhase;
			buildActionMask = 2147483647;
			files = (
				951A600321357F6C0037208C /* LaunchScreen.storyboard in Resources */,
				951A600021357F6C0037208C /* Assets.xcassets in Resources */,
				951A5FFE21357F6B0037208C /* Main.storyboard in Resources */,
			);
			runOnlyForDeploymentPostprocessing = 0;
		};
/* End PBXResourcesBuildPhase section */

/* Begin PBXSourcesBuildPhase section */
		951A5FEF21357F6B0037208C /* Sources */ = {
			isa = PBXSourcesBuildPhase;
			buildActionMask = 2147483647;
			files = (
				951A600621357F6C0037208C /* main.m in Sources */,
				951A60102135808C0037208C /* TableViewController.m in Sources */,
				951A5FF821357F6B0037208C /* AppDelegate.m in Sources */,
				951A601A213802C70037208C /* ViewController.m in Sources */,
			);
			runOnlyForDeploymentPostprocessing = 0;
		};
/* End PBXSourcesBuildPhase section */

/* Begin PBXVariantGroup section */
		951A5FFC21357F6B0037208C /* Main.storyboard */ = {
			isa = PBXVariantGroup;
			children = (
				951A5FFD21357F6B0037208C /* Base */,
			);
			name = Main.storyboard;
			sourceTree = "<group>";
		};
		951A600121357F6C0037208C /* LaunchScreen.storyboard */ = {
			isa = PBXVariantGroup;
			children = (
				951A600221357F6C0037208C /* Base */,
			);
			name = LaunchScreen.storyboard;
			sourceTree = "<group>";
		};
/* End PBXVariantGroup section */

/* Begin XCBuildConfiguration section */
		951A600721357F6C0037208C /* Debug */ = {
			isa = XCBuildConfiguration;
			buildSettings = {
				ALWAYS_SEARCH_USER_PATHS = NO;
				CLANG_ANALYZER_NONNULL = YES;
				CLANG_ANALYZER_NUMBER_OBJECT_CONVERSION = YES_AGGRESSIVE;
				CLANG_CXX_LANGUAGE_STANDARD = "gnu++14";
				CLANG_CXX_LIBRARY = "libc++";
				CLANG_ENABLE_MODULES = YES;
				CLANG_ENABLE_OBJC_ARC = YES;
				CLANG_ENABLE_OBJC_WEAK = YES;
				CLANG_WARN_BLOCK_CAPTURE_AUTORELEASING = YES;
				CLANG_WARN_BOOL_CONVERSION = YES;
				CLANG_WARN_COMMA = YES;
				CLANG_WARN_CONSTANT_CONVERSION = YES;
				CLANG_WARN_DEPRECATED_OBJC_IMPLEMENTATIONS = YES;
				CLANG_WARN_DIRECT_OBJC_ISA_USAGE = YES_ERROR;
				CLANG_WARN_DOCUMENTATION_COMMENTS = YES;
				CLANG_WARN_EMPTY_BODY = YES;
				CLANG_WARN_ENUM_CONVERSION = YES;
				CLANG_WARN_INFINITE_RECURSION = YES;
				CLANG_WARN_INT_CONVERSION = YES;
				CLANG_WARN_NON_LITERAL_NULL_CONVERSION = YES;
				CLANG_WARN_OBJC_IMPLICIT_RETAIN_SELF = YES;
				CLANG_WARN_OBJC_LITERAL_CONVERSION = YES;
				CLANG_WARN_OBJC_ROOT_CLASS = YES_ERROR;
				CLANG_WARN_RANGE_LOOP_ANALYSIS = YES;
				CLANG_WARN_STRICT_PROTOTYPES = YES;
				CLANG_WARN_SUSPICIOUS_MOVE = YES;
				CLANG_WARN_UNGUARDED_AVAILABILITY = YES_AGGRESSIVE;
				CLANG_WARN_UNREACHABLE_CODE = YES;
				CLANG_WARN__DUPLICATE_METHOD_MATCH = YES;
				CODE_SIGN_IDENTITY = "iPhone Developer";
				COPY_PHASE_STRIP = NO;
				DEBUG_INFORMATION_FORMAT = dwarf;
				ENABLE_STRICT_OBJC_MSGSEND = YES;
				ENABLE_TESTABILITY = YES;
				GCC_C_LANGUAGE_STANDARD = gnu11;
				GCC_DYNAMIC_NO_PIC = NO;
				GCC_NO_COMMON_BLOCKS = YES;
				GCC_OPTIMIZATION_LEVEL = 0;
				GCC_PREPROCESSOR_DEFINITIONS = (
					"DEBUG=1",
					"$(inherited)",
				);
				GCC_WARN_64_TO_32_BIT_CONVERSION = YES;
				GCC_WARN_ABOUT_RETURN_TYPE = YES_ERROR;
				GCC_WARN_UNDECLARED_SELECTOR = YES;
				GCC_WARN_UNINITIALIZED_AUTOS = YES_AGGRESSIVE;
				GCC_WARN_UNUSED_FUNCTION = YES;
				GCC_WARN_UNUSED_VARIABLE = YES;
				IPHONEOS_DEPLOYMENT_TARGET = 11.4;
				MTL_ENABLE_DEBUG_INFO = YES;
				ONLY_ACTIVE_ARCH = YES;
				SDKROOT = iphoneos;
			};
			name = Debug;
		};
		951A600821357F6C0037208C /* Release */ = {
			isa = XCBuildConfiguration;
			buildSettings = {
				ALWAYS_SEARCH_USER_PATHS = NO;
				CLANG_ANALYZER_NONNULL = YES;
				CLANG_ANALYZER_NUMBER_OBJECT_CONVERSION = YES_AGGRESSIVE;
				CLANG_CXX_LANGUAGE_STANDARD = "gnu++14";
				CLANG_CXX_LIBRARY = "libc++";
				CLANG_ENABLE_MODULES = YES;
				CLANG_ENABLE_OBJC_ARC = YES;
				CLANG_ENABLE_OBJC_WEAK = YES;
				CLANG_WARN_BLOCK_CAPTURE_AUTORELEASING = YES;
				CLANG_WARN_BOOL_CONVERSION = YES;
				CLANG_WARN_COMMA = YES;
				CLANG_WARN_CONSTANT_CONVERSION = YES;
				CLANG_WARN_DEPRECATED_OBJC_IMPLEMENTATIONS = YES;
				CLANG_WARN_DIRECT_OBJC_ISA_USAGE = YES_ERROR;
				CLANG_WARN_DOCUMENTATION_COMMENTS = YES;
				CLANG_WARN_EMPTY_BODY = YES;
				CLANG_WARN_ENUM_CONVERSION = YES;
				CLANG_WARN_INFINITE_RECURSION = YES;
				CLANG_WARN_INT_CONVERSION = YES;
				CLANG_WARN_NON_LITERAL_NULL_CONVERSION = YES;
				CLANG_WARN_OBJC_IMPLICIT_RETAIN_SELF = YES;
				CLANG_WARN_OBJC_LITERAL_CONVERSION = YES;
				CLANG_WARN_OBJC_ROOT_CLASS = YES_ERROR;
				CLANG_WARN_RANGE_LOOP_ANALYSIS = YES;
				CLANG_WARN_STRICT_PROTOTYPES = YES;
				CLANG_WARN_SUSPICIOUS_MOVE = YES;
				CLANG_WARN_UNGUARDED_AVAILABILITY = YES_AGGRESSIVE;
				CLANG_WARN_UNREACHABLE_CODE = YES;
				CLANG_WARN__DUPLICATE_METHOD_MATCH = YES;
				CODE_SIGN_IDENTITY = "iPhone Developer";
				COPY_PHASE_STRIP = NO;
				DEBUG_INFORMATION_FORMAT = "dwarf-with-dsym";
				ENABLE_NS_ASSERTIONS = NO;
				ENABLE_STRICT_OBJC_MSGSEND = YES;
				GCC_C_LANGUAGE_STANDARD = gnu11;
				GCC_NO_COMMON_BLOCKS = YES;
				GCC_WARN_64_TO_32_BIT_CONVERSION = YES;
				GCC_WARN_ABOUT_RETURN_TYPE = YES_ERROR;
				GCC_WARN_UNDECLARED_SELECTOR = YES;
				GCC_WARN_UNINITIALIZED_AUTOS = YES_AGGRESSIVE;
				GCC_WARN_UNUSED_FUNCTION = YES;
				GCC_WARN_UNUSED_VARIABLE = YES;
				IPHONEOS_DEPLOYMENT_TARGET = 11.4;
				MTL_ENABLE_DEBUG_INFO = NO;
				SDKROOT = iphoneos;
				VALIDATE_PRODUCT = YES;
			};
			name = Release;
		};
		951A600A21357F6C0037208C /* Debug */ = {
			isa = XCBuildConfiguration;
			buildSettings = {
				ASSETCATALOG_COMPILER_APPICON_NAME = AppIcon;
				CODE_SIGN_STYLE = Automatic;
				DEVELOPMENT_TEAM = 4UG2NLR58G;
				INFOPLIST_FILE = "UITable View/Info.plist";
				LD_RUNPATH_SEARCH_PATHS = (
					"$(inherited)",
					"@executable_path/Frameworks",
				);
				PRODUCT_BUNDLE_IDENTIFIER = "com.zed.UITable-View";
				PRODUCT_NAME = "$(TARGET_NAME)";
				TARGETED_DEVICE_FAMILY = "1,2";
			};
			name = Debug;
		};
		951A600B21357F6C0037208C /* Release */ = {
			isa = XCBuildConfiguration;
			buildSettings = {
				ASSETCATALOG_COMPILER_APPICON_NAME = AppIcon;
				CODE_SIGN_STYLE = Automatic;
				DEVELOPMENT_TEAM = 4UG2NLR58G;
				INFOPLIST_FILE = "UITable View/Info.plist";
				LD_RUNPATH_SEARCH_PATHS = (
					"$(inherited)",
					"@executable_path/Frameworks",
				);
				PRODUCT_BUNDLE_IDENTIFIER = "com.zed.UITable-View";
				PRODUCT_NAME = "$(TARGET_NAME)";
				TARGETED_DEVICE_FAMILY = "1,2";
			};
			name = Release;
		};
/* End XCBuildConfiguration section */

/* Begin XCConfigurationList section */
		951A5FEE21357F6B0037208C /* Build configuration list for PBXProject "UITable View" */ = {
			isa = XCConfigurationList;
			buildConfigurations = (
				951A600721357F6C0037208C /* Debug */,
				951A600821357F6C0037208C /* Release */,
			);
			defaultConfigurationIsVisible = 0;
			defaultConfigurationName = Release;
		};
		951A600921357F6C0037208C /* Build configuration list for PBXNativeTarget "UITable View" */ = {
			isa = XCConfigurationList;
			buildConfigurations = (
				951A600A21357F6C0037208C /* Debug */,
				951A600B21357F6C0037208C /* Release */,
			);
			defaultConfigurationIsVisible = 0;
			defaultConfigurationName = Release;
		};
/* End XCConfigurationList section */
	};
	rootObject = 951A5FEB21357F6B0037208C /* Project object */;
}
